// !$*UTF8*$!
{
	archiveVersion = 1;
	classes = {
	};
	objectVersion = 50;
	objects = {

/* Begin PBXBuildFile section */
		0EA389B824CD466100507925 /* SceneDelegate.swift in Sources */ = {isa = PBXBuildFile; fileRef = 0EA389B724CD466100507925 /* SceneDelegate.swift */; };
		0EA389BA24CD466100507925 /* MainViewController.swift in Sources */ = {isa = PBXBuildFile; fileRef = 0EA389B924CD466100507925 /* MainViewController.swift */; };
		0EA389BD24CD466100507925 /* Main.storyboard in Resources */ = {isa = PBXBuildFile; fileRef = 0EA389BB24CD466100507925 /* Main.storyboard */; };
		0EA389BF24CD466200507925 /* Assets.xcassets in Resources */ = {isa = PBXBuildFile; fileRef = 0EA389BE24CD466200507925 /* Assets.xcassets */; };
		0EA389C224CD466200507925 /* LaunchScreen.storyboard in Resources */ = {isa = PBXBuildFile; fileRef = 0EA389C024CD466200507925 /* LaunchScreen.storyboard */; };
		0EA389CA24CD46FD00507925 /* CafeList.json in Resources */ = {isa = PBXBuildFile; fileRef = 0EA389C924CD46FD00507925 /* CafeList.json */; };
		0EA389CC24CD4A3800507925 /* AppDelegate.swift in Sources */ = {isa = PBXBuildFile; fileRef = 0EA389CB24CD4A3800507925 /* AppDelegate.swift */; };
		0EA389CE24CD4C0100507925 /* MainCollectionViewCell.swift in Sources */ = {isa = PBXBuildFile; fileRef = 0EA389CD24CD4C0100507925 /* MainCollectionViewCell.swift */; };
		0EA389D224CD520400507925 /* MapViewController.swift in Sources */ = {isa = PBXBuildFile; fileRef = 0EA389D124CD520400507925 /* MapViewController.swift */; };
		0EA389D524CD570B00507925 /* Cafe.swift in Sources */ = {isa = PBXBuildFile; fileRef = 0EA389D424CD570B00507925 /* Cafe.swift */; };
		0EA389D924CD588400507925 /* JSONDecoderExtension.swift in Sources */ = {isa = PBXBuildFile; fileRef = 0EA389D824CD588400507925 /* JSONDecoderExtension.swift */; };
/* End PBXBuildFile section */

/* Begin PBXFileReference section */
		0EA389B224CD466100507925 /* CafeSpotMakeMe.app */ = {isa = PBXFileReference; explicitFileType = wrapper.application; includeInIndex = 0; path = CafeSpotMakeMe.app; sourceTree = BUILT_PRODUCTS_DIR; };
		0EA389B724CD466100507925 /* SceneDelegate.swift */ = {isa = PBXFileReference; lastKnownFileType = sourcecode.swift; path = SceneDelegate.swift; sourceTree = "<group>"; };
		0EA389B924CD466100507925 /* MainViewController.swift */ = {isa = PBXFileReference; lastKnownFileType = sourcecode.swift; path = MainViewController.swift; sourceTree = "<group>"; };
		0EA389BC24CD466100507925 /* Base */ = {isa = PBXFileReference; lastKnownFileType = file.storyboard; name = Base; path = Base.lproj/Main.storyboard; sourceTree = "<group>"; };
		0EA389BE24CD466200507925 /* Assets.xcassets */ = {isa = PBXFileReference; lastKnownFileType = folder.assetcatalog; path = Assets.xcassets; sourceTree = "<group>"; };
		0EA389C124CD466200507925 /* Base */ = {isa = PBXFileReference; lastKnownFileType = file.storyboard; name = Base; path = Base.lproj/LaunchScreen.storyboard; sourceTree = "<group>"; };
		0EA389C324CD466200507925 /* Info.plist */ = {isa = PBXFileReference; lastKnownFileType = text.plist.xml; path = Info.plist; sourceTree = "<group>"; };
		0EA389C924CD46FD00507925 /* CafeList.json */ = {isa = PBXFileReference; fileEncoding = 4; lastKnownFileType = text.json; path = CafeList.json; sourceTree = "<group>"; };
		0EA389CB24CD4A3800507925 /* AppDelegate.swift */ = {isa = PBXFileReference; fileEncoding = 4; lastKnownFileType = sourcecode.swift; name = AppDelegate.swift; path = ../../../../Downloads/CafeSpot/CafeSpot/App/AppDelegate.swift; sourceTree = "<group>"; };
		0EA389CD24CD4C0100507925 /* MainCollectionViewCell.swift */ = {isa = PBXFileReference; lastKnownFileType = sourcecode.swift; path = MainCollectionViewCell.swift; sourceTree = "<group>"; };
		0EA389D124CD520400507925 /* MapViewController.swift */ = {isa = PBXFileReference; lastKnownFileType = sourcecode.swift; path = MapViewController.swift; sourceTree = "<group>"; };
		0EA389D424CD570B00507925 /* Cafe.swift */ = {isa = PBXFileReference; lastKnownFileType = sourcecode.swift; path = Cafe.swift; sourceTree = "<group>"; };
		0EA389D824CD588400507925 /* JSONDecoderExtension.swift */ = {isa = PBXFileReference; lastKnownFileType = sourcecode.swift; path = JSONDecoderExtension.swift; sourceTree = "<group>"; };
/* End PBXFileReference section */

/* Begin PBXFrameworksBuildPhase section */
		0EA389AF24CD466100507925 /* Frameworks */ = {
			isa = PBXFrameworksBuildPhase;
			buildActionMask = 2147483647;
			files = (
			);
			runOnlyForDeploymentPostprocessing = 0;
		};
/* End PBXFrameworksBuildPhase section */

/* Begin PBXGroup section */
		0EA389A924CD466100507925 = {
			isa = PBXGroup;
			children = (
				0EA389B424CD466100507925 /* CafeSpotMakeMe */,
				0EA389B324CD466100507925 /* Products */,
			);
			sourceTree = "<group>";
		};
		0EA389B324CD466100507925 /* Products */ = {
			isa = PBXGroup;
			children = (
				0EA389B224CD466100507925 /* CafeSpotMakeMe.app */,
			);
			name = Products;
			sourceTree = "<group>";
		};
		0EA389B424CD466100507925 /* CafeSpotMakeMe */ = {
			isa = PBXGroup;
			children = (
				0EA389CB24CD4A3800507925 /* AppDelegate.swift */,
				0EA389B724CD466100507925 /* SceneDelegate.swift */,
				0EA389CF24CD4CFE00507925 /* View */,
				0EA389D024CD4D0900507925 /* Cell */,
				0EA389D324CD56EF00507925 /* Model */,
				0EA389D624CD585F00507925 /* Helper */,
				0EA389BB24CD466100507925 /* Main.storyboard */,
				0EA389BE24CD466200507925 /* Assets.xcassets */,
				0EA389C024CD466200507925 /* LaunchScreen.storyboard */,
				0EA389C924CD46FD00507925 /* CafeList.json */,
				0EA389C324CD466200507925 /* Info.plist */,
			);
			path = CafeSpotMakeMe;
			sourceTree = "<group>";
		};
		0EA389CF24CD4CFE00507925 /* View */ = {
			isa = PBXGroup;
			children = (
				0EA389B924CD466100507925 /* MainViewController.swift */,
				0EA389D124CD520400507925 /* MapViewController.swift */,
			);
			path = View;
			sourceTree = "<group>";
		};
		0EA389D024CD4D0900507925 /* Cell */ = {
			isa = PBXGroup;
			children = (
				0EA389CD24CD4C0100507925 /* MainCollectionViewCell.swift */,
			);
			path = Cell;
			sourceTree = "<group>";
		};
		0EA389D324CD56EF00507925 /* Model */ = {
			isa = PBXGroup;
			children = (
				0EA389D424CD570B00507925 /* Cafe.swift */,
			);
			path = Model;
			sourceTree = "<group>";
		};
		0EA389D624CD585F00507925 /* Helper */ = {
			isa = PBXGroup;
			children = (
				0EA389D824CD588400507925 /* JSONDecoderExtension.swift */,
			);
			path = Helper;
			sourceTree = "<group>";
		};
/* End PBXGroup section */

/* Begin PBXNativeTarget section */
		0EA389B124CD466100507925 /* CafeSpotMakeMe */ = {
			isa = PBXNativeTarget;
			buildConfigurationList = 0EA389C624CD466200507925 /* Build configuration list for PBXNativeTarget "CafeSpotMakeMe" */;
			buildPhases = (
				0EA389AE24CD466100507925 /* Sources */,
				0EA389AF24CD466100507925 /* Frameworks */,
				0EA389B024CD466100507925 /* Resources */,
			);
			buildRules = (
			);
			dependencies = (
			);
			name = CafeSpotMakeMe;
			productName = CafeSpotMakeMe;
			productReference = 0EA389B224CD466100507925 /* CafeSpotMakeMe.app */;
			productType = "com.apple.product-type.application";
		};
/* End PBXNativeTarget section */

/* Begin PBXProject section */
		0EA389AA24CD466100507925 /* Project object */ = {
			isa = PBXProject;
			attributes = {
				LastSwiftUpdateCheck = 1160;
				LastUpgradeCheck = 1160;
				ORGANIZATIONNAME = shooooting;
				TargetAttributes = {
					0EA389B124CD466100507925 = {
						CreatedOnToolsVersion = 11.6;
					};
				};
			};
			buildConfigurationList = 0EA389AD24CD466100507925 /* Build configuration list for PBXProject "CafeSpotMakeMe" */;
			compatibilityVersion = "Xcode 9.3";
			developmentRegion = en;
			hasScannedForEncodings = 0;
			knownRegions = (
				en,
				Base,
			);
			mainGroup = 0EA389A924CD466100507925;
			productRefGroup = 0EA389B324CD466100507925 /* Products */;
			projectDirPath = "";
			projectRoot = "";
			targets = (
				0EA389B124CD466100507925 /* CafeSpotMakeMe */,
			);
		};
/* End PBXProject section */

/* Begin PBXResourcesBuildPhase section */
		0EA389B024CD466100507925 /* Resources */ = {
			isa = PBXResourcesBuildPhase;
			buildActionMask = 2147483647;
			files = (
				0EA389CA24CD46FD00507925 /* CafeList.json in Resources */,
				0EA389C224CD466200507925 /* LaunchScreen.storyboard in Resources */,
				0EA389BF24CD466200507925 /* Assets.xcassets in Resources */,
				0EA389BD24CD466100507925 /* Main.storyboard in Resources */,
			);
			runOnlyForDeploymentPostprocessing = 0;
		};
/* End PBXResourcesBuildPhase section */

/* Begin PBXSourcesBuildPhase section */
		0EA389AE24CD466100507925 /* Sources */ = {
			isa = PBXSourcesBuildPhase;
			buildActionMask = 2147483647;
			files = (
				0EA389CC24CD4A3800507925 /* AppDelegate.swift in Sources */,
				0EA389BA24CD466100507925 /* MainViewController.swift in Sources */,
				0EA389D524CD570B00507925 /* Cafe.swift in Sources */,
				0EA389B824CD466100507925 /* SceneDelegate.swift in Sources */,
				0EA389D224CD520400507925 /* MapViewController.swift in Sources */,
				0EA389D924CD588400507925 /* JSONDecoderExtension.swift in Sources */,
				0EA389CE24CD4C0100507925 /* MainCollectionViewCell.swift in Sources */,
			);
			runOnlyForDeploymentPostprocessing = 0;
		};
/* End PBXSourcesBuildPhase section */

/* Begin PBXVariantGroup section */
		0EA389BB24CD466100507925 /* Main.storyboard */ = {
			isa = PBXVariantGroup;
			children = (
				0EA389BC24CD466100507925 /* Base */,
			);
			name = Main.storyboard;
			sourceTree = "<group>";
		};
		0EA389C024CD466200507925 /* LaunchScreen.storyboard */ = {
			isa = PBXVariantGroup;
			children = (
				0EA389C124CD466200507925 /* Base */,
			);
			name = LaunchScreen.storyboard;
			sourceTree = "<group>";
		};
/* End PBXVariantGroup section */

/* Begin XCBuildConfiguration section */
		0EA389C424CD466200507925 /* Debug */ = {
			isa = XCBuildConfiguration;
			buildSettings = {
				ALWAYS_SEARCH_USER_PATHS = NO;
				CLANG_ANALYZER_NONNULL = YES;
				CLANG_ANALYZER_NUMBER_OBJECT_CONVERSION = YES_AGGRESSIVE;
				CLANG_CXX_LANGUAGE_STANDARD = "gnu++14";
				CLANG_CXX_LIBRARY = "libc++";
				CLANG_ENABLE_MODULES = YES;
				CLANG_ENABLE_OBJC_ARC = YES;
				CLANG_ENABLE_OBJC_WEAK = YES;
				CLANG_WARN_BLOCK_CAPTURE_AUTORELEASING = YES;
				CLANG_WARN_BOOL_CONVERSION = YES;
				CLANG_WARN_COMMA = YES;
				CLANG_WARN_CONSTANT_CONVERSION = YES;
				CLANG_WARN_DEPRECATED_OBJC_IMPLEMENTATIONS = YES;
				CLANG_WARN_DIRECT_OBJC_ISA_USAGE = YES_ERROR;
				CLANG_WARN_DOCUMENTATION_COMMENTS = YES;
				CLANG_WARN_EMPTY_BODY = YES;
				CLANG_WARN_ENUM_CONVERSION = YES;
				CLANG_WARN_INFINITE_RECURSION = YES;
				CLANG_WARN_INT_CONVERSION = YES;
				CLANG_WARN_NON_LITERAL_NULL_CONVERSION = YES;
				CLANG_WARN_OBJC_IMPLICIT_RETAIN_SELF = YES;
				CLANG_WARN_OBJC_LITERAL_CONVERSION = YES;
				CLANG_WARN_OBJC_ROOT_CLASS = YES_ERROR;
				CLANG_WARN_RANGE_LOOP_ANALYSIS = YES;
				CLANG_WARN_STRICT_PROTOTYPES = YES;
				CLANG_WARN_SUSPICIOUS_MOVE = YES;
				CLANG_WARN_UNGUARDED_AVAILABILITY = YES_AGGRESSIVE;
				CLANG_WARN_UNREACHABLE_CODE = YES;
				CLANG_WARN__DUPLICATE_METHOD_MATCH = YES;
				COPY_PHASE_STRIP = NO;
				DEBUG_INFORMATION_FORMAT = dwarf;
				ENABLE_STRICT_OBJC_MSGSEND = YES;
				ENABLE_TESTABILITY = YES;
				GCC_C_LANGUAGE_STANDARD = gnu11;
				GCC_DYNAMIC_NO_PIC = NO;
				GCC_NO_COMMON_BLOCKS = YES;
				GCC_OPTIMIZATION_LEVEL = 0;
				GCC_PREPROCESSOR_DEFINITIONS = (
					"DEBUG=1",
					"$(inherited)",
				);
				GCC_WARN_64_TO_32_BIT_CONVERSION = YES;
				GCC_WARN_ABOUT_RETURN_TYPE = YES_ERROR;
				GCC_WARN_UNDECLARED_SELECTOR = YES;
				GCC_WARN_UNINITIALIZED_AUTOS = YES_AGGRESSIVE;
				GCC_WARN_UNUSED_FUNCTION = YES;
				GCC_WARN_UNUSED_VARIABLE = YES;
				IPHONEOS_DEPLOYMENT_TARGET = 13.6;
				MTL_ENABLE_DEBUG_INFO = INCLUDE_SOURCE;
				MTL_FAST_MATH = YES;
				ONLY_ACTIVE_ARCH = YES;
				SDKROOT = iphoneos;
				SWIFT_ACTIVE_COMPILATION_CONDITIONS = DEBUG;
				SWIFT_OPTIMIZATION_LEVEL = "-Onone";
			};
			name = Debug;
		};
		0EA389C524CD466200507925 /* Release */ = {
			isa = XCBuildConfiguration;
			buildSettings = {
				ALWAYS_SEARCH_USER_PATHS = NO;
				CLANG_ANALYZER_NONNULL = YES;
				CLANG_ANALYZER_NUMBER_OBJECT_CONVERSION = YES_AGGRESSIVE;
				CLANG_CXX_LANGUAGE_STANDARD = "gnu++14";
				CLANG_CXX_LIBRARY = "libc++";
				CLANG_ENABLE_MODULES = YES;
				CLANG_ENABLE_OBJC_ARC = YES;
				CLANG_ENABLE_OBJC_WEAK = YES;
				CLANG_WARN_BLOCK_CAPTURE_AUTORELEASING = YES;
				CLANG_WARN_BOOL_CONVERSION = YES;
				CLANG_WARN_COMMA = YES;
				CLANG_WARN_CONSTANT_CONVERSION = YES;
				CLANG_WARN_DEPRECATED_OBJC_IMPLEMENTATIONS = YES;
				CLANG_WARN_DIRECT_OBJC_ISA_USAGE = YES_ERROR;
				CLANG_WARN_DOCUMENTATION_COMMENTS = YES;
				CLANG_WARN_EMPTY_BODY = YES;
				CLANG_WARN_ENUM_CONVERSION = YES;
				CLANG_WARN_INFINITE_RECURSION = YES;
				CLANG_WARN_INT_CONVERSION = YES;
				CLANG_WARN_NON_LITERAL_NULL_CONVERSION = YES;
				CLANG_WARN_OBJC_IMPLICIT_RETAIN_SELF = YES;
				CLANG_WARN_OBJC_LITERAL_CONVERSION = YES;
				CLANG_WARN_OBJC_ROOT_CLASS = YES_ERROR;
				CLANG_WARN_RANGE_LOOP_ANALYSIS = YES;
				CLANG_WARN_STRICT_PROTOTYPES = YES;
				CLANG_WARN_SUSPICIOUS_MOVE = YES;
				CLANG_WARN_UNGUARDED_AVAILABILITY = YES_AGGRESSIVE;
				CLANG_WARN_UNREACHABLE_CODE = YES;
				CLANG_WARN__DUPLICATE_METHOD_MATCH = YES;
				COPY_PHASE_STRIP = NO;
				DEBUG_INFORMATION_FORMAT = "dwarf-with-dsym";
				ENABLE_NS_ASSERTIONS = NO;
				ENABLE_STRICT_OBJC_MSGSEND = YES;
				GCC_C_LANGUAGE_STANDARD = gnu11;
				GCC_NO_COMMON_BLOCKS = YES;
				GCC_WARN_64_TO_32_BIT_CONVERSION = YES;
				GCC_WARN_ABOUT_RETURN_TYPE = YES_ERROR;
				GCC_WARN_UNDECLARED_SELECTOR = YES;
				GCC_WARN_UNINITIALIZED_AUTOS = YES_AGGRESSIVE;
				GCC_WARN_UNUSED_FUNCTION = YES;
				GCC_WARN_UNUSED_VARIABLE = YES;
				IPHONEOS_DEPLOYMENT_TARGET = 13.6;
				MTL_ENABLE_DEBUG_INFO = NO;
				MTL_FAST_MATH = YES;
				SDKROOT = iphoneos;
				SWIFT_COMPILATION_MODE = wholemodule;
				SWIFT_OPTIMIZATION_LEVEL = "-O";
				VALIDATE_PRODUCT = YES;
			};
			name = Release;
		};
		0EA389C724CD466200507925 /* Debug */ = {
			isa = XCBuildConfiguration;
			buildSettings = {
				ASSETCATALOG_COMPILER_APPICON_NAME = AppIcon;
				CODE_SIGN_STYLE = Automatic;
				INFOPLIST_FILE = CafeSpotMakeMe/Info.plist;
				LD_RUNPATH_SEARCH_PATHS = (
					"$(inherited)",
					"@executable_path/Frameworks",
				);
				PRODUCT_BUNDLE_IDENTIFIER = kr.shooooting.examples.CafeSpotMakeMe;
				PRODUCT_NAME = "$(TARGET_NAME)";
				SWIFT_VERSION = 5.0;
				TARGETED_DEVICE_FAMILY = "1,2";
			};
			name = Debug;
		};
		0EA389C824CD466200507925 /* Release */ = {
			isa = XCBuildConfiguration;
			buildSettings = {
				ASSETCATALOG_COMPILER_APPICON_NAME = AppIcon;
				CODE_SIGN_STYLE = Automatic;
				INFOPLIST_FILE = CafeSpotMakeMe/Info.plist;
				LD_RUNPATH_SEARCH_PATHS = (
					"$(inherited)",
					"@executable_path/Frameworks",
				);
				PRODUCT_BUNDLE_IDENTIFIER = kr.shooooting.examples.CafeSpotMakeMe;
				PRODUCT_NAME = "$(TARGET_NAME)";
				SWIFT_VERSION = 5.0;
				TARGETED_DEVICE_FAMILY = "1,2";
			};
			name = Release;
		};
/* End XCBuildConfiguration section */

/* Begin XCConfigurationList section */
		0EA389AD24CD466100507925 /* Build configuration list for PBXProject "CafeSpotMakeMe" */ = {
			isa = XCConfigurationList;
			buildConfigurations = (
				0EA389C424CD466200507925 /* Debug */,
				0EA389C524CD466200507925 /* Release */,
			);
			defaultConfigurationIsVisible = 0;
			defaultConfigurationName = Release;
		};
		0EA389C624CD466200507925 /* Build configuration list for PBXNativeTarget "CafeSpotMakeMe" */ = {
			isa = XCConfigurationList;
			buildConfigurations = (
				0EA389C724CD466200507925 /* Debug */,
				0EA389C824CD466200507925 /* Release */,
			);
			defaultConfigurationIsVisible = 0;
			defaultConfigurationName = Release;
		};
/* End XCConfigurationList section */
	};
	rootObject = 0EA389AA24CD466100507925 /* Project object */;
}
